
Microsoft Visual Studio Solution File, Format Version 12.00
# Visual Studio Version 16
VisualStudioVersion = 16.0.810.10
MinimumVisualStudioVersion = 10.0.40219.1
Project("{FAE04EC0-301F-11D3-BF4B-00C04F79EFBC}") = "ConsoleAssignment", "ConsoleAssignment\ConsoleAssignment.csproj", "{CC7EF3FD-C8EA-4BE9-9667-D1062C46EA52}"
EndProject
Global
	GlobalSection(SolutionConfigurationPlatforms) = preSolution
		Debug|Any CPU = Debug|Any CPU
		Release|Any CPU = Release|Any CPU
	EndGlobalSection
	GlobalSection(ProjectConfigurationPlatforms) = postSolution
		{CC7EF3FD-C8EA-4BE9-9667-D1062C46EA52}.Debug|Any CPU.ActiveCfg = Debug|Any CPU
		{CC7EF3FD-C8EA-4BE9-9667-D1062C46EA52}.Debug|Any CPU.Build.0 = Debug|Any CPU
		{CC7EF3FD-C8EA-4BE9-9667-D1062C46EA52}.Release|Any CPU.ActiveCfg = Release|Any CPU
		{CC7EF3FD-C8EA-4BE9-9667-D1062C46EA52}.Release|Any CPU.Build.0 = Release|Any CPU
	EndGlobalSection
	GlobalSection(SolutionProperties) = preSolution
		HideSolutionNode = FALSE
	EndGlobalSection
	GlobalSection(ExtensibilityGlobals) = postSolution
		SolutionGuid = {47C7D5AC-4FA1-4141-B385-54CB1BEE7AD0}
	EndGlobalSection
EndGlobal
